{
  "name": "project-web",
  "version": "1.0.0",
  "lockfileVersion": 3,
  "requires": true,
  "packages": {
    "": {
      "name": "project-web",
      "version": "1.0.0",
      "license": "ISC",
      "dependencies": {
        "acorn": "^8.14.1"
      }
    },
    "node_modules/acorn": {
      "version": "8.14.1",
      "resolved": "https://registry.npmjs.org/acorn/-/acorn-8.14.1.tgz",
      "integrity": "sha512-OvQ/2pUDKmgfCg++xsTX1wGxfTaszcHVcTctW4UJB4hibJx2HXxxO5UmVgyjMa+ZDsiaf5wWLXYpRWMmBI0QHg==",
      "license": "MIT",
      "bin": {
        "acorn": "bin/acorn"
      },
      "engines": {
        "node": ">=0.4.0"
      }
    }
  }
}
